
Microsoft Visual Studio Solution File, Format Version 12.00
# Visual Studio 15
VisualStudioVersion = 15.0.27703.2047
MinimumVisualStudioVersion = 10.0.40219.1
Project("{FAE04EC0-301F-11D3-BF4B-00C04F79EFBC}") = "Face-Webapp", "Face-Webapp\Face-Webapp.csproj", "{350623D9-FBD2-4B7E-8C5C-00C0C175B1BE}"
EndProject
Global
	GlobalSection(SolutionConfigurationPlatforms) = preSolution
		Debug|Any CPU = Debug|Any CPU
		Release|Any CPU = Release|Any CPU
	EndGlobalSection
	GlobalSection(ProjectConfigurationPlatforms) = postSolution
		{350623D9-FBD2-4B7E-8C5C-00C0C175B1BE}.Debug|Any CPU.ActiveCfg = Debug|Any CPU
		{350623D9-FBD2-4B7E-8C5C-00C0C175B1BE}.Debug|Any CPU.Build.0 = Debug|Any CPU
		{350623D9-FBD2-4B7E-8C5C-00C0C175B1BE}.Release|Any CPU.ActiveCfg = Release|Any CPU
		{350623D9-FBD2-4B7E-8C5C-00C0C175B1BE}.Release|Any CPU.Build.0 = Release|Any CPU
	EndGlobalSection
	GlobalSection(SolutionProperties) = preSolution
		HideSolutionNode = FALSE
	EndGlobalSection
	GlobalSection(ExtensibilityGlobals) = postSolution
		SolutionGuid = {12AFF5C8-5F7D-4105-A71E-E495E0BF5717}
	EndGlobalSection
EndGlobal
