
Microsoft Visual Studio Solution File, Format Version 12.00
# Visual Studio 15
VisualStudioVersion = 15.0.27703.2047
MinimumVisualStudioVersion = 10.0.40219.1
Project("{FAE04EC0-301F-11D3-BF4B-00C04F79EFBC}") = "Recognize-Text-Direct", "Recognize-Text-Direct\Recognize-Text-Direct.csproj", "{946DE8FC-1E7A-4C33-A52D-CD9A3B95C072}"
EndProject
Global
	GlobalSection(SolutionConfigurationPlatforms) = preSolution
		Debug|Any CPU = Debug|Any CPU
		Release|Any CPU = Release|Any CPU
	EndGlobalSection
	GlobalSection(ProjectConfigurationPlatforms) = postSolution
		{946DE8FC-1E7A-4C33-A52D-CD9A3B95C072}.Debug|Any CPU.ActiveCfg = Debug|Any CPU
		{946DE8FC-1E7A-4C33-A52D-CD9A3B95C072}.Debug|Any CPU.Build.0 = Debug|Any CPU
		{946DE8FC-1E7A-4C33-A52D-CD9A3B95C072}.Release|Any CPU.ActiveCfg = Release|Any CPU
		{946DE8FC-1E7A-4C33-A52D-CD9A3B95C072}.Release|Any CPU.Build.0 = Release|Any CPU
	EndGlobalSection
	GlobalSection(SolutionProperties) = preSolution
		HideSolutionNode = FALSE
	EndGlobalSection
	GlobalSection(ExtensibilityGlobals) = postSolution
		SolutionGuid = {EFB63ED2-1E70-4BBD-BC39-0A381115A022}
	EndGlobalSection
EndGlobal
